
Microsoft Visual Studio Solution File, Format Version 12.00
# Visual Studio Version 16
VisualStudioVersion = 16.0.31205.134
MinimumVisualStudioVersion = 10.0.40219.1
Project("{FAE04EC0-301F-11D3-BF4B-00C04F79EFBC}") = "PLC_Connect_Test", "PLC_Connect_Test\PLC_Connect_Test.csproj", "{3074BA30-9DF0-4E3E-8A7C-BA1D0499C438}"
EndProject
Global
	GlobalSection(SolutionConfigurationPlatforms) = preSolution
		Debug|Any CPU = Debug|Any CPU
		Release|Any CPU = Release|Any CPU
	EndGlobalSection
	GlobalSection(ProjectConfigurationPlatforms) = postSolution
		{3074BA30-9DF0-4E3E-8A7C-BA1D0499C438}.Debug|Any CPU.ActiveCfg = Debug|Any CPU
		{3074BA30-9DF0-4E3E-8A7C-BA1D0499C438}.Debug|Any CPU.Build.0 = Debug|Any CPU
		{3074BA30-9DF0-4E3E-8A7C-BA1D0499C438}.Release|Any CPU.ActiveCfg = Release|Any CPU
		{3074BA30-9DF0-4E3E-8A7C-BA1D0499C438}.Release|Any CPU.Build.0 = Release|Any CPU
	EndGlobalSection
	GlobalSection(SolutionProperties) = preSolution
		HideSolutionNode = FALSE
	EndGlobalSection
	GlobalSection(ExtensibilityGlobals) = postSolution
		SolutionGuid = {0DEAEF15-CE7C-40A6-AE6E-32B66AF8ADF4}
	EndGlobalSection
EndGlobal
